
Microsoft Visual Studio Solution File, Format Version 12.00
# Visual Studio Version 17
VisualStudioVersion = 17.1.32228.430
MinimumVisualStudioVersion = 10.0.40219.1
Project("{9A19103F-16F7-4668-BE54-9A1E7A4F7556}") = "LuxuryCarsApp", "LuxuryCarsApp.csproj", "{D059AEBC-0FDB-46F6-9878-F1EBC9BCD43F}"
EndProject
Global
	GlobalSection(SolutionConfigurationPlatforms) = preSolution
		Debug|Any CPU = Debug|Any CPU
		Release|Any CPU = Release|Any CPU
	EndGlobalSection
	GlobalSection(ProjectConfigurationPlatforms) = postSolution
		{D059AEBC-0FDB-46F6-9878-F1EBC9BCD43F}.Debug|Any CPU.ActiveCfg = Debug|Any CPU
		{D059AEBC-0FDB-46F6-9878-F1EBC9BCD43F}.Debug|Any CPU.Build.0 = Debug|Any CPU
		{D059AEBC-0FDB-46F6-9878-F1EBC9BCD43F}.Release|Any CPU.ActiveCfg = Release|Any CPU
		{D059AEBC-0FDB-46F6-9878-F1EBC9BCD43F}.Release|Any CPU.Build.0 = Release|Any CPU
	EndGlobalSection
	GlobalSection(SolutionProperties) = preSolution
		HideSolutionNode = FALSE
	EndGlobalSection
	GlobalSection(ExtensibilityGlobals) = postSolution
		SolutionGuid = {E00F92C9-78E6-4C1F-8014-897904D7A7FB}
	EndGlobalSection
EndGlobal
